
Microsoft Visual Studio Solution File, Format Version 12.00
# Visual Studio Version 16
VisualStudioVersion = 16.0.31624.102
MinimumVisualStudioVersion = 10.0.40219.1
Project("{FAE04EC0-301F-11D3-BF4B-00C04F79EFBC}") = "SistemaFacturacion", "SistemaFacturacion.csproj", "{EFD7936E-3ADD-4323-BC24-882DC565AD01}"
EndProject
Global
	GlobalSection(SolutionConfigurationPlatforms) = preSolution
		Debug|Any CPU = Debug|Any CPU
		Release|Any CPU = Release|Any CPU
	EndGlobalSection
	GlobalSection(ProjectConfigurationPlatforms) = postSolution
		{EFD7936E-3ADD-4323-BC24-882DC565AD01}.Debug|Any CPU.ActiveCfg = Debug|Any CPU
		{EFD7936E-3ADD-4323-BC24-882DC565AD01}.Debug|Any CPU.Build.0 = Debug|Any CPU
		{EFD7936E-3ADD-4323-BC24-882DC565AD01}.Release|Any CPU.ActiveCfg = Release|Any CPU
		{EFD7936E-3ADD-4323-BC24-882DC565AD01}.Release|Any CPU.Build.0 = Release|Any CPU
	EndGlobalSection
	GlobalSection(SolutionProperties) = preSolution
		HideSolutionNode = FALSE
	EndGlobalSection
	GlobalSection(ExtensibilityGlobals) = postSolution
		SolutionGuid = {4149B35D-D762-4F32-9D94-1CF885AA87C0}
	EndGlobalSection
EndGlobal
